{
  "version": 4,
  "terraform_version": "0.12.3",
  "serial": 103,
  "lineage": "2e07976b-1fc5-f810-2523-a11eb5eba9ba",
  "outputs": {
    "ami_id": {
      "value": "ami-038523756874b86f3",
      "type": "string"
    },
    "ip": {
      "value": "18.205.151.144",
      "type": "string"
    },
    "my_bucket_file_version": {
      "value": "WbloT1cpIBlBlVX6f4WJnWI_nnmjDpzN",
      "type": "string"
    }
  },
  "resources": [
    {
      "mode": "data",
      "type": "aws_ami",
      "name": "packer_image",
      "provider": "provider.aws",
      "instances": [
        {
          "schema_version": 0,
          "attributes": {
            "architecture": "x86_64",
            "block_device_mappings": [
              {
                "device_name": "/dev/sda1",
                "ebs": {
                  "delete_on_termination": "true",
                  "encrypted": "false",
                  "iops": "0",
                  "snapshot_id": "snap-0548a8c01d9963ea2",
                  "volume_size": "8",
                  "volume_type": "gp2"
                },
                "no_device": "",
                "virtual_name": ""
              },
              {
                "device_name": "/dev/sdb",
                "ebs": {},
                "no_device": "",
                "virtual_name": "ephemeral0"
              },
              {
                "device_name": "/dev/sdc",
                "ebs": {},
                "no_device": "",
                "virtual_name": "ephemeral1"
              }
            ],
            "creation_date": "2019-08-04T23:48:16.000Z",
            "description": null,
            "executable_users": null,
            "filter": [
              {
                "name": "name",
                "values": [
                  "packer-example*"
                ]
              }
            ],
            "hypervisor": "xen",
            "id": "ami-038523756874b86f3",
            "image_id": "ami-038523756874b86f3",
            "image_location": "354044256443/packer-example 1564962370",
            "image_owner_alias": null,
            "image_type": "machine",
            "kernel_id": null,
            "most_recent": true,
            "name": "packer-example 1564962370",
            "name_regex": null,
            "owner_id": "354044256443",
            "owners": [
              "self"
            ],
            "platform": null,
            "product_codes": [],
            "public": false,
            "ramdisk_id": null,
            "root_device_name": "/dev/sda1",
            "root_device_type": "ebs",
            "root_snapshot_id": "snap-0548a8c01d9963ea2",
            "sriov_net_support": "simple",
            "state": "available",
            "state_reason": {
              "code": "UNSET",
              "message": "UNSET"
            },
            "tags": {},
            "virtualization_type": "hvm"
          }
        }
      ]
    },
    {
      "mode": "data",
      "type": "aws_iam_policy_document",
      "name": "example",
      "provider": "provider.aws",
      "instances": [
        {
          "schema_version": 0,
          "attributes": {
            "id": "784443208",
            "json": "{\n  \"Version\": \"2012-10-17\",\n  \"Statement\": [\n    {\n      \"Sid\": \"\",\n      \"Effect\": \"Allow\",\n      \"Action\": \"*\",\n      \"Resource\": \"*\"\n    }\n  ]\n}",
            "override_json": null,
            "policy_id": null,
            "source_json": null,
            "statement": [
              {
                "actions": [
                  "*"
                ],
                "condition": [],
                "effect": "Allow",
                "not_actions": [],
                "not_principals": [],
                "not_resources": [],
                "principals": [],
                "resources": [
                  "*"
                ],
                "sid": ""
              }
            ],
            "version": "2012-10-17"
          }
        }
      ]
    },
    {
      "mode": "data",
      "type": "aws_iam_user",
      "name": "my_user",
      "provider": "provider.aws",
      "instances": [
        {
          "schema_version": 0,
          "attributes": {
            "arn": "arn:aws:iam::354044256443:user/rudakov",
            "id": "AIDAVE3VOUC5RS2LMIFKY",
            "path": "/",
            "permissions_boundary": "",
            "user_id": "AIDAVE3VOUC5RS2LMIFKY",
            "user_name": "rudakov"
          }
        }
      ]
    },
    {
      "mode": "managed",
      "type": "aws_iam_policy",
      "name": "example",
      "provider": "provider.aws",
      "instances": [
        {
          "schema_version": 0,
          "attributes": {
            "arn": "arn:aws:iam::354044256443:policy/terraform-20190807230025438400000001",
            "description": "",
            "id": "arn:aws:iam::354044256443:policy/terraform-20190807230025438400000001",
            "name": "terraform-20190807230025438400000001",
            "name_prefix": null,
            "path": "/",
            "policy": "{\n  \"Version\": \"2012-10-17\",\n  \"Statement\": [\n    {\n      \"Sid\": \"\",\n      \"Effect\": \"Allow\",\n      \"Action\": \"*\",\n      \"Resource\": \"*\"\n    }\n  ]\n}"
          },
          "private": "bnVsbA==",
          "depends_on": [
            "data.aws_iam_policy_document.example"
          ]
        }
      ]
    },
    {
      "mode": "managed",
      "type": "aws_iam_role",
      "name": "ec2_iam_role",
      "provider": "provider.aws",
      "instances": [
        {
          "schema_version": 0,
          "attributes": {
            "arn": "arn:aws:iam::354044256443:role/ec2_iam_role",
            "assume_role_policy": "{\"Version\":\"2012-10-17\",\"Statement\":[{\"Sid\":\"\",\"Effect\":\"Allow\",\"Principal\":{\"Service\":\"ec2.amazonaws.com\"},\"Action\":\"sts:AssumeRole\"}]}",
            "create_date": "2019-08-07T23:00:25Z",
            "description": "",
            "force_detach_policies": false,
            "id": "ec2_iam_role",
            "max_session_duration": 3600,
            "name": "ec2_iam_role",
            "name_prefix": null,
            "path": "/",
            "permissions_boundary": null,
            "tags": {},
            "unique_id": "AROAVE3VOUC5QZBBCTZTJ"
          },
          "private": "bnVsbA=="
        }
      ]
    },
    {
      "mode": "managed",
      "type": "aws_key_pair",
      "name": "deployer",
      "provider": "provider.aws",
      "instances": [
        {
          "schema_version": 1,
          "attributes": {
            "fingerprint": "f8:8c:db:db:a1:a6:0c:ea:36:46:c4:34:f8:a5:8a:86",
            "id": "deployer-key",
            "key_name": "deployer-key",
            "key_name_prefix": null,
            "public_key": "ssh-rsa AAAAB3NzaC1yc2EAAAADAQABAAABAQC6IvcUJcbgqKP5++aHue4ymF2BYmAC/JGUMvrGE9qdQanaP+O4vtPp/qBlsK1kU7bwgzYk/DSLANRfC4uflwhZnirjHSrFZLn76UrHpJoO24MfHZbnWzdkm2rfxki/dYZ13WHag7MSqXlUM4O/A1FLDhwXiwL9KWCAnB79qIYzSYR/0PtBNo4nEN4Bfw7xOhWlMiwR2eaaCxC+q0zKqvhQlxQAfo2PS8kSJ7UsgAKahMIvzQKWM2mG183Yvs1fzGDbnaTagRx89H7ZIH/DDpzrhoQSp3U2Wz7rQZfj5I38XCiMAmOIwifQeOVWnafyYnltmogLWLIEminJg7DF9KGf drudakov@Administrators-MacBook-Pro.local"
          },
          "private": "eyJzY2hlbWFfdmVyc2lvbiI6IjEifQ=="
        }
      ]
    },
    {
      "mode": "managed",
      "type": "aws_s3_bucket",
      "name": "b",
      "provider": "provider.aws",
      "instances": [
        {
          "schema_version": 0,
          "attributes": {
            "acceleration_status": "",
            "acl": "private",
            "arn": "arn:aws:s3:::my-fucking-bucket",
            "bucket": "my-fucking-bucket",
            "bucket_domain_name": "my-fucking-bucket.s3.amazonaws.com",
            "bucket_prefix": null,
            "bucket_regional_domain_name": "my-fucking-bucket.s3.amazonaws.com",
            "cors_rule": [],
            "force_destroy": false,
            "hosted_zone_id": "Z3AQBSTGFYJSTF",
            "id": "my-fucking-bucket",
            "lifecycle_rule": [],
            "logging": [],
            "object_lock_configuration": [],
            "policy": null,
            "region": "us-east-1",
            "replication_configuration": [],
            "request_payer": "BucketOwner",
            "server_side_encryption_configuration": [],
            "tags": {
              "Environment": "Dev",
              "Name": "Nginx bucket"
            },
            "versioning": [
              {
                "enabled": true,
                "mfa_delete": false
              }
            ],
            "website": [],
            "website_domain": null,
            "website_endpoint": null
          },
          "private": "bnVsbA=="
        }
      ]
    },
    {
      "mode": "managed",
      "type": "aws_s3_bucket_object",
      "name": "file_upload",
      "provider": "provider.aws",
      "instances": [
        {
          "schema_version": 0,
          "attributes": {
            "acl": "private",
            "bucket": "my-fucking-bucket",
            "cache_control": "",
            "content": null,
            "content_base64": null,
            "content_disposition": "",
            "content_encoding": "",
            "content_language": "",
            "content_type": "binary/octet-stream",
            "etag": "4c38f6e8f183fa97932ab4961c4fae69",
            "id": "index.html",
            "key": "index.html",
            "kms_key_id": null,
            "metadata": {},
            "server_side_encryption": "",
            "source": "index.html",
            "storage_class": "STANDARD",
            "tags": {},
            "version_id": "WbloT1cpIBlBlVX6f4WJnWI_nnmjDpzN",
            "website_redirect": ""
          },
          "private": "bnVsbA==",
          "depends_on": [
            "aws_s3_bucket.b"
          ]
        }
      ]
    },
    {
      "mode": "managed",
      "type": "aws_s3_bucket_policy",
      "name": "b",
      "provider": "provider.aws",
      "instances": [
        {
          "schema_version": 0,
          "attributes": {
            "bucket": "my-fucking-bucket",
            "id": "my-fucking-bucket",
            "policy": "{\"Version\":\"2012-10-17\",\"Id\":\"MYBUCKETPOLICY\",\"Statement\":[{\"Sid\":\"IPAllow\",\"Effect\":\"Deny\",\"Principal\":\"*\",\"Action\":\"s3:*\",\"Resource\":\"arn:aws:s3:::my-fucking-bucket/*\",\"Condition\":{\"IpAddress\":{\"aws:SourceIp\":\"8.8.8.8/32\"}}}]}"
          },
          "private": "bnVsbA==",
          "depends_on": [
            "aws_s3_bucket.b"
          ]
        }
      ]
    }
  ]
}
