{
  "version": 4,
  "terraform_version": "0.12.3",
  "serial": 415,
  "lineage": "2e07976b-1fc5-f810-2523-a11eb5eba9ba",
  "outputs": {
    "ami_id": {
      "value": "ami-038523756874b86f3",
      "type": "string"
    },
    "eip": {
      "value": {
        "allocation_id": null,
        "associate_with_private_ip": null,
        "association_id": "eipassoc-0d1b2543c7a678e9f",
        "domain": "vpc",
        "id": "eipalloc-017eb4c155b0964f3",
        "instance": "i-0395968be682d2ba7",
        "network_interface": "eni-01be43a23abef9407",
        "private_dns": "ip-10-0-45-200.ec2.internal",
        "private_ip": "10.0.45.200",
        "public_dns": "ec2-3-213-151-79.compute-1.amazonaws.com",
        "public_ip": "3.213.151.79",
        "public_ipv4_pool": "amazon",
        "tags": {},
        "timeouts": null,
        "vpc": true
      },
      "type": [
        "object",
        {
          "allocation_id": "string",
          "associate_with_private_ip": "string",
          "association_id": "string",
          "domain": "string",
          "id": "string",
          "instance": "string",
          "network_interface": "string",
          "private_dns": "string",
          "private_ip": "string",
          "public_dns": "string",
          "public_ip": "string",
          "public_ipv4_pool": "string",
          "tags": [
            "map",
            "string"
          ],
          "timeouts": [
            "object",
            {
              "delete": "string",
              "read": "string",
              "update": "string"
            }
          ],
          "vpc": "bool"
        }
      ]
    },
    "ip": {
      "value": "3.213.151.79",
      "type": "string"
    },
    "my_bucket_file_version": {
      "value": "WgidtmZt.6KjJUrGIOLbZXpBbym5hbs1",
      "type": "string"
    },
    "subnet": {
      "value": "subnet-00d16d1bcf19c5362",
      "type": "string"
    }
  },
  "resources": [
    {
      "mode": "data",
      "type": "aws_ami",
      "name": "packer_image",
      "provider": "provider.aws",
      "instances": [
        {
          "schema_version": 0,
          "attributes": {
            "architecture": "x86_64",
            "block_device_mappings": [
              {
                "device_name": "/dev/sda1",
                "ebs": {
                  "delete_on_termination": "true",
                  "encrypted": "false",
                  "iops": "0",
                  "snapshot_id": "snap-0548a8c01d9963ea2",
                  "volume_size": "8",
                  "volume_type": "gp2"
                },
                "no_device": "",
                "virtual_name": ""
              },
              {
                "device_name": "/dev/sdb",
                "ebs": {},
                "no_device": "",
                "virtual_name": "ephemeral0"
              },
              {
                "device_name": "/dev/sdc",
                "ebs": {},
                "no_device": "",
                "virtual_name": "ephemeral1"
              }
            ],
            "creation_date": "2019-08-04T23:48:16.000Z",
            "description": null,
            "executable_users": null,
            "filter": [
              {
                "name": "name",
                "values": [
                  "packer-example*"
                ]
              }
            ],
            "hypervisor": "xen",
            "id": "ami-038523756874b86f3",
            "image_id": "ami-038523756874b86f3",
            "image_location": "354044256443/packer-example 1564962370",
            "image_owner_alias": null,
            "image_type": "machine",
            "kernel_id": null,
            "most_recent": true,
            "name": "packer-example 1564962370",
            "name_regex": null,
            "owner_id": "354044256443",
            "owners": [
              "self"
            ],
            "platform": null,
            "product_codes": [],
            "public": false,
            "ramdisk_id": null,
            "root_device_name": "/dev/sda1",
            "root_device_type": "ebs",
            "root_snapshot_id": "snap-0548a8c01d9963ea2",
            "sriov_net_support": "simple",
            "state": "available",
            "state_reason": {
              "code": "UNSET",
              "message": "UNSET"
            },
            "tags": {},
            "virtualization_type": "hvm"
          }
        }
      ]
    },
    {
      "mode": "data",
      "type": "aws_iam_policy_document",
      "name": "example",
      "provider": "provider.aws",
      "instances": [
        {
          "schema_version": 0,
          "attributes": {
            "id": "784443208",
            "json": "{\n  \"Version\": \"2012-10-17\",\n  \"Statement\": [\n    {\n      \"Sid\": \"\",\n      \"Effect\": \"Allow\",\n      \"Action\": \"*\",\n      \"Resource\": \"*\"\n    }\n  ]\n}",
            "override_json": null,
            "policy_id": null,
            "source_json": null,
            "statement": [
              {
                "actions": [
                  "*"
                ],
                "condition": [],
                "effect": "Allow",
                "not_actions": [],
                "not_principals": [],
                "not_resources": [],
                "principals": [],
                "resources": [
                  "*"
                ],
                "sid": ""
              }
            ],
            "version": "2012-10-17"
          }
        }
      ]
    },
    {
      "mode": "data",
      "type": "aws_iam_user",
      "name": "my_user",
      "provider": "provider.aws",
      "instances": [
        {
          "schema_version": 0,
          "attributes": {
            "arn": "arn:aws:iam::354044256443:user/rudakov",
            "id": "AIDAVE3VOUC535MNYW32Y",
            "path": "/",
            "permissions_boundary": "",
            "user_id": "AIDAVE3VOUC535MNYW32Y",
            "user_name": "rudakov"
          }
        }
      ]
    },
    {
      "mode": "managed",
      "type": "aws_eip",
      "name": "ip-test-env",
      "provider": "provider.aws",
      "instances": [
        {
          "schema_version": 0,
          "attributes": {
            "allocation_id": null,
            "associate_with_private_ip": null,
            "association_id": "eipassoc-0d1b2543c7a678e9f",
            "domain": "vpc",
            "id": "eipalloc-017eb4c155b0964f3",
            "instance": "i-0395968be682d2ba7",
            "network_interface": "eni-01be43a23abef9407",
            "private_dns": "ip-10-0-45-200.ec2.internal",
            "private_ip": "10.0.45.200",
            "public_dns": "ec2-3-213-151-79.compute-1.amazonaws.com",
            "public_ip": "3.213.151.79",
            "public_ipv4_pool": "amazon",
            "tags": {},
            "timeouts": null,
            "vpc": true
          },
          "private": "eyJlMmJmYjczMC1lY2FhLTExZTYtOGY4OC0zNDM2M2JjN2M0YzAiOnsiZGVsZXRlIjoxODAwMDAwMDAwMDAsInJlYWQiOjkwMDAwMDAwMDAwMCwidXBkYXRlIjozMDAwMDAwMDAwMDB9fQ==",
          "depends_on": [
            "aws_instance.ec2_instance"
          ]
        }
      ]
    },
    {
      "mode": "managed",
      "type": "aws_iam_policy",
      "name": "example",
      "provider": "provider.aws",
      "instances": [
        {
          "schema_version": 0,
          "attributes": {
            "arn": "arn:aws:iam::354044256443:policy/terraform-20190814100355166200000001",
            "description": "",
            "id": "arn:aws:iam::354044256443:policy/terraform-20190814100355166200000001",
            "name": "terraform-20190814100355166200000001",
            "name_prefix": null,
            "path": "/",
            "policy": "{\n  \"Version\": \"2012-10-17\",\n  \"Statement\": [\n    {\n      \"Sid\": \"\",\n      \"Effect\": \"Allow\",\n      \"Action\": \"*\",\n      \"Resource\": \"*\"\n    }\n  ]\n}"
          },
          "private": "bnVsbA==",
          "depends_on": [
            "data.aws_iam_policy_document.example"
          ]
        }
      ]
    },
    {
      "mode": "managed",
      "type": "aws_iam_role",
      "name": "ec2_iam_role",
      "provider": "provider.aws",
      "instances": [
        {
          "schema_version": 0,
          "attributes": {
            "arn": "arn:aws:iam::354044256443:role/ec2_iam_role",
            "assume_role_policy": "{\"Version\":\"2012-10-17\",\"Statement\":[{\"Sid\":\"\",\"Effect\":\"Allow\",\"Principal\":{\"Service\":\"ec2.amazonaws.com\"},\"Action\":\"sts:AssumeRole\"}]}",
            "create_date": "2019-08-14T10:03:56Z",
            "description": "",
            "force_detach_policies": false,
            "id": "ec2_iam_role",
            "max_session_duration": 3600,
            "name": "ec2_iam_role",
            "name_prefix": null,
            "path": "/",
            "permissions_boundary": null,
            "tags": {},
            "unique_id": "AROAVE3VOUC5Q23Z4S7EE"
          },
          "private": "bnVsbA=="
        }
      ]
    },
    {
      "mode": "managed",
      "type": "aws_instance",
      "name": "ec2_instance",
      "provider": "provider.aws",
      "instances": [
        {
          "schema_version": 1,
          "attributes": {
            "ami": "ami-038523756874b86f3",
            "arn": "arn:aws:ec2:us-east-1:354044256443:instance/i-0395968be682d2ba7",
            "associate_public_ip_address": false,
            "availability_zone": "us-east-1a",
            "cpu_core_count": 1,
            "cpu_threads_per_core": 1,
            "credit_specification": [
              {
                "cpu_credits": "standard"
              }
            ],
            "disable_api_termination": false,
            "ebs_block_device": [],
            "ebs_optimized": false,
            "ephemeral_block_device": [],
            "get_password_data": false,
            "host_id": null,
            "iam_instance_profile": "",
            "id": "i-0395968be682d2ba7",
            "instance_initiated_shutdown_behavior": null,
            "instance_state": "running",
            "instance_type": "t2.micro",
            "ipv6_address_count": 0,
            "ipv6_addresses": [],
            "key_name": "deployment-key",
            "monitoring": false,
            "network_interface": [],
            "network_interface_id": null,
            "password_data": "",
            "placement_group": "",
            "primary_network_interface_id": "eni-01be43a23abef9407",
            "private_dns": "ip-10-0-45-200.ec2.internal",
            "private_ip": "10.0.45.200",
            "public_dns": "",
            "public_ip": "",
            "root_block_device": [
              {
                "delete_on_termination": true,
                "iops": 100,
                "volume_id": "vol-005ac29495830412d",
                "volume_size": 8,
                "volume_type": "gp2"
              }
            ],
            "security_groups": [
              "sg-01a0ac318df945191"
            ],
            "source_dest_check": true,
            "subnet_id": "subnet-00d16d1bcf19c5362",
            "tags": {
              "Name": "Terraform_ami-038523756874b86f3"
            },
            "tenancy": "default",
            "timeouts": null,
            "user_data": null,
            "user_data_base64": null,
            "volume_tags": {},
            "vpc_security_group_ids": [
              "sg-01a0ac318df945191"
            ]
          },
          "private": "eyJlMmJmYjczMC1lY2FhLTExZTYtOGY4OC0zNDM2M2JjN2M0YzAiOnsiY3JlYXRlIjo2MDAwMDAwMDAwMDAsImRlbGV0ZSI6MTIwMDAwMDAwMDAwMCwidXBkYXRlIjo2MDAwMDAwMDAwMDB9LCJzY2hlbWFfdmVyc2lvbiI6IjEifQ==",
          "depends_on": [
            "aws_security_group.ingress-all-test",
            "aws_subnet.subnet-uno",
            "data.aws_ami.packer_image"
          ]
        }
      ]
    },
    {
      "mode": "managed",
      "type": "aws_internet_gateway",
      "name": "test-env-gw",
      "provider": "provider.aws",
      "instances": [
        {
          "schema_version": 0,
          "attributes": {
            "id": "igw-04e0f592701b37c33",
            "owner_id": "354044256443",
            "tags": {
              "Name": "test-env-gw"
            },
            "vpc_id": "vpc-0df1a844905bcce23"
          },
          "private": "bnVsbA==",
          "depends_on": [
            "aws_vpc.test-env"
          ]
        }
      ]
    },
    {
      "mode": "managed",
      "type": "aws_s3_bucket",
      "name": "b",
      "provider": "provider.aws",
      "instances": [
        {
          "schema_version": 0,
          "attributes": {
            "acceleration_status": "",
            "acl": "private",
            "arn": "arn:aws:s3:::my-fucking-bucket",
            "bucket": "my-fucking-bucket",
            "bucket_domain_name": "my-fucking-bucket.s3.amazonaws.com",
            "bucket_prefix": null,
            "bucket_regional_domain_name": "my-fucking-bucket.s3.amazonaws.com",
            "cors_rule": [],
            "force_destroy": false,
            "hosted_zone_id": "Z3AQBSTGFYJSTF",
            "id": "my-fucking-bucket",
            "lifecycle_rule": [],
            "logging": [],
            "object_lock_configuration": [],
            "policy": null,
            "region": "us-east-1",
            "replication_configuration": [],
            "request_payer": "BucketOwner",
            "server_side_encryption_configuration": [],
            "tags": {
              "Environment": "Dev",
              "Name": "Nginx bucket"
            },
            "versioning": [
              {
                "enabled": true,
                "mfa_delete": false
              }
            ],
            "website": [],
            "website_domain": null,
            "website_endpoint": null
          },
          "private": "bnVsbA=="
        }
      ]
    },
    {
      "mode": "managed",
      "type": "aws_s3_bucket_object",
      "name": "file_upload",
      "provider": "provider.aws",
      "instances": [
        {
          "schema_version": 0,
          "attributes": {
            "acl": "private",
            "bucket": "my-fucking-bucket",
            "cache_control": "",
            "content": null,
            "content_base64": null,
            "content_disposition": "",
            "content_encoding": "",
            "content_language": "",
            "content_type": "binary/octet-stream",
            "etag": "4c38f6e8f183fa97932ab4961c4fae69",
            "id": "index.html",
            "key": "index.html",
            "kms_key_id": null,
            "metadata": {},
            "server_side_encryption": "",
            "source": "index.html",
            "storage_class": "STANDARD",
            "tags": {},
            "version_id": "WgidtmZt.6KjJUrGIOLbZXpBbym5hbs1",
            "website_redirect": ""
          },
          "private": "bnVsbA==",
          "depends_on": [
            "aws_s3_bucket.b"
          ]
        }
      ]
    },
    {
      "mode": "managed",
      "type": "aws_s3_bucket_policy",
      "name": "b",
      "provider": "provider.aws",
      "instances": [
        {
          "schema_version": 0,
          "attributes": {
            "bucket": "my-fucking-bucket",
            "id": "my-fucking-bucket",
            "policy": "{\"Version\":\"2012-10-17\",\"Id\":\"MYBUCKETPOLICY\",\"Statement\":[{\"Sid\":\"IPAllow\",\"Effect\":\"Deny\",\"Principal\":\"*\",\"Action\":\"s3:*\",\"Resource\":\"arn:aws:s3:::my-fucking-bucket/*\",\"Condition\":{\"IpAddress\":{\"aws:SourceIp\":\"8.8.8.8/32\"}}}]}"
          },
          "private": "bnVsbA==",
          "depends_on": [
            "aws_s3_bucket.b"
          ]
        }
      ]
    },
    {
      "mode": "managed",
      "type": "aws_security_group",
      "name": "ingress-all-test",
      "provider": "provider.aws",
      "instances": [
        {
          "schema_version": 1,
          "attributes": {
            "arn": "arn:aws:ec2:us-east-1:354044256443:security-group/sg-01a0ac318df945191",
            "description": "Managed by Terraform",
            "egress": [
              {
                "cidr_blocks": [
                  "0.0.0.0/0"
                ],
                "description": "",
                "from_port": 0,
                "ipv6_cidr_blocks": [],
                "prefix_list_ids": [],
                "protocol": "-1",
                "security_groups": [],
                "self": false,
                "to_port": 0
              }
            ],
            "id": "sg-01a0ac318df945191",
            "ingress": [
              {
                "cidr_blocks": [
                  "0.0.0.0/0"
                ],
                "description": "",
                "from_port": 22,
                "ipv6_cidr_blocks": [],
                "prefix_list_ids": [],
                "protocol": "tcp",
                "security_groups": [],
                "self": false,
                "to_port": 22
              }
            ],
            "name": "allow-all-sg",
            "name_prefix": null,
            "owner_id": "354044256443",
            "revoke_rules_on_delete": false,
            "tags": {},
            "timeouts": null,
            "vpc_id": "vpc-0df1a844905bcce23"
          },
          "private": "eyJlMmJmYjczMC1lY2FhLTExZTYtOGY4OC0zNDM2M2JjN2M0YzAiOnsiY3JlYXRlIjo2MDAwMDAwMDAwMDAsImRlbGV0ZSI6NjAwMDAwMDAwMDAwfSwic2NoZW1hX3ZlcnNpb24iOiIxIn0=",
          "depends_on": [
            "aws_vpc.test-env"
          ]
        }
      ]
    },
    {
      "mode": "managed",
      "type": "aws_subnet",
      "name": "subnet-uno",
      "provider": "provider.aws",
      "instances": [
        {
          "schema_version": 1,
          "attributes": {
            "arn": "arn:aws:ec2:us-east-1:354044256443:subnet/subnet-00d16d1bcf19c5362",
            "assign_ipv6_address_on_creation": false,
            "availability_zone": "us-east-1a",
            "availability_zone_id": "use1-az2",
            "cidr_block": "10.0.32.0/19",
            "id": "subnet-00d16d1bcf19c5362",
            "ipv6_cidr_block": "",
            "ipv6_cidr_block_association_id": "",
            "map_public_ip_on_launch": false,
            "owner_id": "354044256443",
            "tags": {},
            "timeouts": null,
            "vpc_id": "vpc-0df1a844905bcce23"
          },
          "private": "eyJlMmJmYjczMC1lY2FhLTExZTYtOGY4OC0zNDM2M2JjN2M0YzAiOnsiY3JlYXRlIjo2MDAwMDAwMDAwMDAsImRlbGV0ZSI6MTIwMDAwMDAwMDAwMH0sInNjaGVtYV92ZXJzaW9uIjoiMSJ9",
          "depends_on": [
            "aws_vpc.test-env"
          ]
        }
      ]
    },
    {
      "mode": "managed",
      "type": "aws_vpc",
      "name": "test-env",
      "provider": "provider.aws",
      "instances": [
        {
          "schema_version": 1,
          "attributes": {
            "arn": "arn:aws:ec2:us-east-1:354044256443:vpc/vpc-0df1a844905bcce23",
            "assign_generated_ipv6_cidr_block": false,
            "cidr_block": "10.0.0.0/16",
            "default_network_acl_id": "acl-048f3da9bde8bd388",
            "default_route_table_id": "rtb-0f007efa305993da3",
            "default_security_group_id": "sg-00cdfc42828b39712",
            "dhcp_options_id": "dopt-69080312",
            "enable_classiclink": false,
            "enable_classiclink_dns_support": false,
            "enable_dns_hostnames": true,
            "enable_dns_support": true,
            "id": "vpc-0df1a844905bcce23",
            "instance_tenancy": "default",
            "ipv6_association_id": "",
            "ipv6_cidr_block": "",
            "main_route_table_id": "rtb-0f007efa305993da3",
            "owner_id": "354044256443",
            "tags": {
              "Name": "test-env"
            }
          },
          "private": "eyJzY2hlbWFfdmVyc2lvbiI6IjEifQ=="
        }
      ]
    }
  ]
}
